
Microsoft Visual Studio Solution File, Format Version 12.00
# Visual Studio Version 17
VisualStudioVersion = 17.14.36025.13
MinimumVisualStudioVersion = 10.0.40219.1
Project("{FAE04EC0-301F-11D3-BF4B-00C04F79EFBC}") = "Tnosc.OtripleS.Api", "src\Tnosc.OtripleS.Api\Tnosc.OtripleS.Api.csproj", "{5273D296-F9A5-D67E-C2EC-CB2D84D351F4}"
EndProject
Project("{2150E333-8FDC-42A3-9474-1A3956D46DE8}") = "src", "src", "{02EA681E-C7D8-13C7-8484-4AC65E1B71E8}"
EndProject
Project("{2150E333-8FDC-42A3-9474-1A3956D46DE8}") = "tests", "tests", "{BCF07AD7-6F4E-4DC7-ACA4-29BC0701CCAC}"
EndProject
Project("{2150E333-8FDC-42A3-9474-1A3956D46DE8}") = "lib", "lib", "{8444D709-C0FF-4707-A83F-7908FABD9BA8}"
EndProject
Project("{2150E333-8FDC-42A3-9474-1A3956D46DE8}") = "ApplicationCore", "ApplicationCore", "{D0864FA8-91CF-44CE-8A17-FBCBE8E46193}"
EndProject
Project("{2150E333-8FDC-42A3-9474-1A3956D46DE8}") = "Infrastructure", "Infrastructure", "{67352B16-FC8E-4151-9D9D-7E8F5580B9A8}"
EndProject
Project("{FAE04EC0-301F-11D3-BF4B-00C04F79EFBC}") = "Tnosc.OtripleS.Domain", "src\Tnosc.OtripleS.Domain\Tnosc.OtripleS.Domain.csproj", "{ADCD3D36-D68E-4F6D-9D04-DEC229BF7749}"
EndProject
Project("{FAE04EC0-301F-11D3-BF4B-00C04F79EFBC}") = "Tnosc.OtripleS.Application", "src\Tnosc.OtripleS.Application\Tnosc.OtripleS.Application.csproj", "{A409D08B-EF90-4825-B0D1-7DA8D0B3979D}"
EndProject
Project("{FAE04EC0-301F-11D3-BF4B-00C04F79EFBC}") = "Tnosc.OtripleS.Infrastructure", "src\Tnosc.OtripleS.Infrastructure\Tnosc.OtripleS.Infrastructure.csproj", "{FFD30A37-FEEC-44C1-8E94-8D0C5ADEC768}"
EndProject
Project("{2150E333-8FDC-42A3-9474-1A3956D46DE8}") = "Solution Items", "Solution Items", "{2A144676-68EA-46ED-B8D3-D381EE174D87}"
EndProject
Project("{FAE04EC0-301F-11D3-BF4B-00C04F79EFBC}") = "Tnosc.OtripleS.Tests.Architecture", "tests\Tnosc.OtripleS.Tests.Architecture\Tnosc.OtripleS.Tests.Architecture.csproj", "{C6160590-9816-488E-8514-DB77741DCCD9}"
EndProject
Project("{FAE04EC0-301F-11D3-BF4B-00C04F79EFBC}") = "Tnosc.OtripleS.Tests.Unit", "tests\Tnosc.OtripleS.Tests.Unit\Tnosc.OtripleS.Tests.Unit.csproj", "{FC76FB40-85B4-4878-9988-B36CE3502DA5}"
EndProject
Global
	GlobalSection(SolutionConfigurationPlatforms) = preSolution
		Debug|Any CPU = Debug|Any CPU
		Release|Any CPU = Release|Any CPU
	EndGlobalSection
	GlobalSection(ProjectConfigurationPlatforms) = postSolution
		{5273D296-F9A5-D67E-C2EC-CB2D84D351F4}.Debug|Any CPU.ActiveCfg = Debug|Any CPU
		{5273D296-F9A5-D67E-C2EC-CB2D84D351F4}.Debug|Any CPU.Build.0 = Debug|Any CPU
		{5273D296-F9A5-D67E-C2EC-CB2D84D351F4}.Release|Any CPU.ActiveCfg = Release|Any CPU
		{5273D296-F9A5-D67E-C2EC-CB2D84D351F4}.Release|Any CPU.Build.0 = Release|Any CPU
		{ADCD3D36-D68E-4F6D-9D04-DEC229BF7749}.Debug|Any CPU.ActiveCfg = Debug|Any CPU
		{ADCD3D36-D68E-4F6D-9D04-DEC229BF7749}.Debug|Any CPU.Build.0 = Debug|Any CPU
		{ADCD3D36-D68E-4F6D-9D04-DEC229BF7749}.Release|Any CPU.ActiveCfg = Release|Any CPU
		{ADCD3D36-D68E-4F6D-9D04-DEC229BF7749}.Release|Any CPU.Build.0 = Release|Any CPU
		{A409D08B-EF90-4825-B0D1-7DA8D0B3979D}.Debug|Any CPU.ActiveCfg = Debug|Any CPU
		{A409D08B-EF90-4825-B0D1-7DA8D0B3979D}.Debug|Any CPU.Build.0 = Debug|Any CPU
		{A409D08B-EF90-4825-B0D1-7DA8D0B3979D}.Release|Any CPU.ActiveCfg = Release|Any CPU
		{A409D08B-EF90-4825-B0D1-7DA8D0B3979D}.Release|Any CPU.Build.0 = Release|Any CPU
		{FFD30A37-FEEC-44C1-8E94-8D0C5ADEC768}.Debug|Any CPU.ActiveCfg = Debug|Any CPU
		{FFD30A37-FEEC-44C1-8E94-8D0C5ADEC768}.Debug|Any CPU.Build.0 = Debug|Any CPU
		{FFD30A37-FEEC-44C1-8E94-8D0C5ADEC768}.Release|Any CPU.ActiveCfg = Release|Any CPU
		{FFD30A37-FEEC-44C1-8E94-8D0C5ADEC768}.Release|Any CPU.Build.0 = Release|Any CPU
		{C6160590-9816-488E-8514-DB77741DCCD9}.Debug|Any CPU.ActiveCfg = Debug|Any CPU
		{C6160590-9816-488E-8514-DB77741DCCD9}.Debug|Any CPU.Build.0 = Debug|Any CPU
		{C6160590-9816-488E-8514-DB77741DCCD9}.Release|Any CPU.ActiveCfg = Release|Any CPU
		{C6160590-9816-488E-8514-DB77741DCCD9}.Release|Any CPU.Build.0 = Release|Any CPU
		{FC76FB40-85B4-4878-9988-B36CE3502DA5}.Debug|Any CPU.ActiveCfg = Debug|Any CPU
		{FC76FB40-85B4-4878-9988-B36CE3502DA5}.Debug|Any CPU.Build.0 = Debug|Any CPU
		{FC76FB40-85B4-4878-9988-B36CE3502DA5}.Release|Any CPU.ActiveCfg = Release|Any CPU
		{FC76FB40-85B4-4878-9988-B36CE3502DA5}.Release|Any CPU.Build.0 = Release|Any CPU
	EndGlobalSection
	GlobalSection(SolutionProperties) = preSolution
		HideSolutionNode = FALSE
	EndGlobalSection
	GlobalSection(NestedProjects) = preSolution
		{5273D296-F9A5-D67E-C2EC-CB2D84D351F4} = {02EA681E-C7D8-13C7-8484-4AC65E1B71E8}
		{D0864FA8-91CF-44CE-8A17-FBCBE8E46193} = {02EA681E-C7D8-13C7-8484-4AC65E1B71E8}
		{67352B16-FC8E-4151-9D9D-7E8F5580B9A8} = {02EA681E-C7D8-13C7-8484-4AC65E1B71E8}
		{ADCD3D36-D68E-4F6D-9D04-DEC229BF7749} = {D0864FA8-91CF-44CE-8A17-FBCBE8E46193}
		{A409D08B-EF90-4825-B0D1-7DA8D0B3979D} = {D0864FA8-91CF-44CE-8A17-FBCBE8E46193}
		{FFD30A37-FEEC-44C1-8E94-8D0C5ADEC768} = {67352B16-FC8E-4151-9D9D-7E8F5580B9A8}
		{C6160590-9816-488E-8514-DB77741DCCD9} = {BCF07AD7-6F4E-4DC7-ACA4-29BC0701CCAC}
		{FC76FB40-85B4-4878-9988-B36CE3502DA5} = {BCF07AD7-6F4E-4DC7-ACA4-29BC0701CCAC}
	EndGlobalSection
	GlobalSection(ExtensibilityGlobals) = postSolution
		SolutionGuid = {5607264D-7851-4749-A9E9-2D5B22F210CA}
	EndGlobalSection
EndGlobal
