
Microsoft Visual Studio Solution File, Format Version 12.00
# Visual Studio Version 18
VisualStudioVersion = 18.0.11109.219 d18.0-oob
MinimumVisualStudioVersion = 10.0.40219.1
Project("{FAE04EC0-301F-11D3-BF4B-00C04F79EFBC}") = "Tnosc.OtripleS.Server.Api", "src\Tnosc.OtripleS.Server.Api\Tnosc.OtripleS.Server.Api.csproj", "{5273D296-F9A5-D67E-C2EC-CB2D84D351F4}"
EndProject
Project("{2150E333-8FDC-42A3-9474-1A3956D46DE8}") = "src", "src", "{02EA681E-C7D8-13C7-8484-4AC65E1B71E8}"
EndProject
Project("{2150E333-8FDC-42A3-9474-1A3956D46DE8}") = "tests", "tests", "{BCF07AD7-6F4E-4DC7-ACA4-29BC0701CCAC}"
EndProject
Project("{2150E333-8FDC-42A3-9474-1A3956D46DE8}") = "lib", "lib", "{8444D709-C0FF-4707-A83F-7908FABD9BA8}"
EndProject
Project("{2150E333-8FDC-42A3-9474-1A3956D46DE8}") = "ApplicationCore", "ApplicationCore", "{D0864FA8-91CF-44CE-8A17-FBCBE8E46193}"
EndProject
Project("{2150E333-8FDC-42A3-9474-1A3956D46DE8}") = "Infrastructure", "Infrastructure", "{67352B16-FC8E-4151-9D9D-7E8F5580B9A8}"
EndProject
Project("{FAE04EC0-301F-11D3-BF4B-00C04F79EFBC}") = "Tnosc.OtripleS.Server.Domain", "src\Tnosc.OtripleS.Server.Domain\Tnosc.OtripleS.Server.Domain.csproj", "{ADCD3D36-D68E-4F6D-9D04-DEC229BF7749}"
EndProject
Project("{FAE04EC0-301F-11D3-BF4B-00C04F79EFBC}") = "Tnosc.OtripleS.Server.Application", "src\Tnosc.OtripleS.Server.Application\Tnosc.OtripleS.Server.Application.csproj", "{A409D08B-EF90-4825-B0D1-7DA8D0B3979D}"
EndProject
Project("{FAE04EC0-301F-11D3-BF4B-00C04F79EFBC}") = "Tnosc.OtripleS.Server.Infrastructure", "src\Tnosc.OtripleS.Server.Infrastructure\Tnosc.OtripleS.Server.Infrastructure.csproj", "{FFD30A37-FEEC-44C1-8E94-8D0C5ADEC768}"
EndProject
Project("{2150E333-8FDC-42A3-9474-1A3956D46DE8}") = "Solution Items", "Solution Items", "{2A144676-68EA-46ED-B8D3-D381EE174D87}"
	ProjectSection(SolutionItems) = preProject
		.editorconfig = .editorconfig
		Directory.Build.props = Directory.Build.props
		Directory.Packages.props = Directory.Packages.props
	EndProjectSection
EndProject
Project("{FAE04EC0-301F-11D3-BF4B-00C04F79EFBC}") = "Tnosc.OtripleS.Server.Tests.Architecture", "tests\Tnosc.OtripleS.Server.Tests.Architecture\Tnosc.OtripleS.Server.Tests.Architecture.csproj", "{C6160590-9816-488E-8514-DB77741DCCD9}"
EndProject
Project("{FAE04EC0-301F-11D3-BF4B-00C04F79EFBC}") = "Tnosc.OtripleS.Server.Tests.Unit", "tests\Tnosc.OtripleS.Server.Tests.Unit\Tnosc.OtripleS.Server.Tests.Unit.csproj", "{FC76FB40-85B4-4878-9988-B36CE3502DA5}"
EndProject
Project("{FAE04EC0-301F-11D3-BF4B-00C04F79EFBC}") = "Tnosc.OtripleS.Server.Tests.Acceptance", "tests\Tnosc.OtripleS.Server.Tests.Acceptance\Tnosc.OtripleS.Server.Tests.Acceptance.csproj", "{961937DA-804F-4FF0-89CF-DB6A23223C17}"
EndProject
Project("{2150E333-8FDC-42A3-9474-1A3956D46DE8}") = "devops", "devops", "{6FA33AFE-6551-4230-A4F2-6E6CE6864C2D}"
EndProject
Project("{FAE04EC0-301F-11D3-BF4B-00C04F79EFBC}") = "Tnosc.OtripleS.Server.Build", "devops\Tnosc.OtripleS.Server.Build\Tnosc.OtripleS.Server.Build.csproj", "{3856543F-DDD4-4D03-AAFD-3818BF1C7C52}"
EndProject
Project("{FAE04EC0-301F-11D3-BF4B-00C04F79EFBC}") = "Tnosc.OtripleS.Server.Provision", "devops\Tnosc.OtripleS.Server.Provision\Tnosc.OtripleS.Server.Provision.csproj", "{BA85B3C6-E98F-4316-B0E0-F3810A8C2E8D}"
EndProject
Project("{FAE04EC0-301F-11D3-BF4B-00C04F79EFBC}") = "Tnosc.Lib.Domain", "lib\Tnosc.Lib.Domain\Tnosc.Lib.Domain.csproj", "{00DD5FA5-722E-497C-83DA-2CB0D98C4B57}"
EndProject
Project("{FAE04EC0-301F-11D3-BF4B-00C04F79EFBC}") = "Tnosc.Lib.Api", "lib\Tnosc.Lib.Api\Tnosc.Lib.Api.csproj", "{73015E64-6820-4F51-A0DE-B24F6E24FA8A}"
EndProject
Project("{FAE04EC0-301F-11D3-BF4B-00C04F79EFBC}") = "Tnosc.Lib.Application", "lib\Tnosc.Lib.Application\Tnosc.Lib.Application.csproj", "{57180204-4BB2-4C4E-ADC2-55586401D5F3}"
EndProject
Global
	GlobalSection(SolutionConfigurationPlatforms) = preSolution
		Debug|Any CPU = Debug|Any CPU
		Release|Any CPU = Release|Any CPU
	EndGlobalSection
	GlobalSection(ProjectConfigurationPlatforms) = postSolution
		{5273D296-F9A5-D67E-C2EC-CB2D84D351F4}.Debug|Any CPU.ActiveCfg = Debug|Any CPU
		{5273D296-F9A5-D67E-C2EC-CB2D84D351F4}.Debug|Any CPU.Build.0 = Debug|Any CPU
		{5273D296-F9A5-D67E-C2EC-CB2D84D351F4}.Release|Any CPU.ActiveCfg = Release|Any CPU
		{5273D296-F9A5-D67E-C2EC-CB2D84D351F4}.Release|Any CPU.Build.0 = Release|Any CPU
		{ADCD3D36-D68E-4F6D-9D04-DEC229BF7749}.Debug|Any CPU.ActiveCfg = Debug|Any CPU
		{ADCD3D36-D68E-4F6D-9D04-DEC229BF7749}.Debug|Any CPU.Build.0 = Debug|Any CPU
		{ADCD3D36-D68E-4F6D-9D04-DEC229BF7749}.Release|Any CPU.ActiveCfg = Release|Any CPU
		{ADCD3D36-D68E-4F6D-9D04-DEC229BF7749}.Release|Any CPU.Build.0 = Release|Any CPU
		{A409D08B-EF90-4825-B0D1-7DA8D0B3979D}.Debug|Any CPU.ActiveCfg = Debug|Any CPU
		{A409D08B-EF90-4825-B0D1-7DA8D0B3979D}.Debug|Any CPU.Build.0 = Debug|Any CPU
		{A409D08B-EF90-4825-B0D1-7DA8D0B3979D}.Release|Any CPU.ActiveCfg = Release|Any CPU
		{A409D08B-EF90-4825-B0D1-7DA8D0B3979D}.Release|Any CPU.Build.0 = Release|Any CPU
		{FFD30A37-FEEC-44C1-8E94-8D0C5ADEC768}.Debug|Any CPU.ActiveCfg = Debug|Any CPU
		{FFD30A37-FEEC-44C1-8E94-8D0C5ADEC768}.Debug|Any CPU.Build.0 = Debug|Any CPU
		{FFD30A37-FEEC-44C1-8E94-8D0C5ADEC768}.Release|Any CPU.ActiveCfg = Release|Any CPU
		{FFD30A37-FEEC-44C1-8E94-8D0C5ADEC768}.Release|Any CPU.Build.0 = Release|Any CPU
		{C6160590-9816-488E-8514-DB77741DCCD9}.Debug|Any CPU.ActiveCfg = Debug|Any CPU
		{C6160590-9816-488E-8514-DB77741DCCD9}.Debug|Any CPU.Build.0 = Debug|Any CPU
		{C6160590-9816-488E-8514-DB77741DCCD9}.Release|Any CPU.ActiveCfg = Release|Any CPU
		{C6160590-9816-488E-8514-DB77741DCCD9}.Release|Any CPU.Build.0 = Release|Any CPU
		{FC76FB40-85B4-4878-9988-B36CE3502DA5}.Debug|Any CPU.ActiveCfg = Debug|Any CPU
		{FC76FB40-85B4-4878-9988-B36CE3502DA5}.Debug|Any CPU.Build.0 = Debug|Any CPU
		{FC76FB40-85B4-4878-9988-B36CE3502DA5}.Release|Any CPU.ActiveCfg = Release|Any CPU
		{FC76FB40-85B4-4878-9988-B36CE3502DA5}.Release|Any CPU.Build.0 = Release|Any CPU
		{961937DA-804F-4FF0-89CF-DB6A23223C17}.Debug|Any CPU.ActiveCfg = Debug|Any CPU
		{961937DA-804F-4FF0-89CF-DB6A23223C17}.Debug|Any CPU.Build.0 = Debug|Any CPU
		{961937DA-804F-4FF0-89CF-DB6A23223C17}.Release|Any CPU.ActiveCfg = Release|Any CPU
		{961937DA-804F-4FF0-89CF-DB6A23223C17}.Release|Any CPU.Build.0 = Release|Any CPU
		{3856543F-DDD4-4D03-AAFD-3818BF1C7C52}.Debug|Any CPU.ActiveCfg = Debug|Any CPU
		{3856543F-DDD4-4D03-AAFD-3818BF1C7C52}.Debug|Any CPU.Build.0 = Debug|Any CPU
		{3856543F-DDD4-4D03-AAFD-3818BF1C7C52}.Release|Any CPU.ActiveCfg = Release|Any CPU
		{3856543F-DDD4-4D03-AAFD-3818BF1C7C52}.Release|Any CPU.Build.0 = Release|Any CPU
		{BA85B3C6-E98F-4316-B0E0-F3810A8C2E8D}.Debug|Any CPU.ActiveCfg = Debug|Any CPU
		{BA85B3C6-E98F-4316-B0E0-F3810A8C2E8D}.Debug|Any CPU.Build.0 = Debug|Any CPU
		{BA85B3C6-E98F-4316-B0E0-F3810A8C2E8D}.Release|Any CPU.ActiveCfg = Release|Any CPU
		{BA85B3C6-E98F-4316-B0E0-F3810A8C2E8D}.Release|Any CPU.Build.0 = Release|Any CPU
		{00DD5FA5-722E-497C-83DA-2CB0D98C4B57}.Debug|Any CPU.ActiveCfg = Debug|Any CPU
		{00DD5FA5-722E-497C-83DA-2CB0D98C4B57}.Debug|Any CPU.Build.0 = Debug|Any CPU
		{00DD5FA5-722E-497C-83DA-2CB0D98C4B57}.Release|Any CPU.ActiveCfg = Release|Any CPU
		{00DD5FA5-722E-497C-83DA-2CB0D98C4B57}.Release|Any CPU.Build.0 = Release|Any CPU
		{73015E64-6820-4F51-A0DE-B24F6E24FA8A}.Debug|Any CPU.ActiveCfg = Debug|Any CPU
		{73015E64-6820-4F51-A0DE-B24F6E24FA8A}.Debug|Any CPU.Build.0 = Debug|Any CPU
		{73015E64-6820-4F51-A0DE-B24F6E24FA8A}.Release|Any CPU.ActiveCfg = Release|Any CPU
		{73015E64-6820-4F51-A0DE-B24F6E24FA8A}.Release|Any CPU.Build.0 = Release|Any CPU
		{57180204-4BB2-4C4E-ADC2-55586401D5F3}.Debug|Any CPU.ActiveCfg = Debug|Any CPU
		{57180204-4BB2-4C4E-ADC2-55586401D5F3}.Debug|Any CPU.Build.0 = Debug|Any CPU
		{57180204-4BB2-4C4E-ADC2-55586401D5F3}.Release|Any CPU.ActiveCfg = Release|Any CPU
		{57180204-4BB2-4C4E-ADC2-55586401D5F3}.Release|Any CPU.Build.0 = Release|Any CPU
	EndGlobalSection
	GlobalSection(SolutionProperties) = preSolution
		HideSolutionNode = FALSE
	EndGlobalSection
	GlobalSection(NestedProjects) = preSolution
		{5273D296-F9A5-D67E-C2EC-CB2D84D351F4} = {02EA681E-C7D8-13C7-8484-4AC65E1B71E8}
		{D0864FA8-91CF-44CE-8A17-FBCBE8E46193} = {02EA681E-C7D8-13C7-8484-4AC65E1B71E8}
		{67352B16-FC8E-4151-9D9D-7E8F5580B9A8} = {02EA681E-C7D8-13C7-8484-4AC65E1B71E8}
		{ADCD3D36-D68E-4F6D-9D04-DEC229BF7749} = {D0864FA8-91CF-44CE-8A17-FBCBE8E46193}
		{A409D08B-EF90-4825-B0D1-7DA8D0B3979D} = {D0864FA8-91CF-44CE-8A17-FBCBE8E46193}
		{FFD30A37-FEEC-44C1-8E94-8D0C5ADEC768} = {67352B16-FC8E-4151-9D9D-7E8F5580B9A8}
		{C6160590-9816-488E-8514-DB77741DCCD9} = {BCF07AD7-6F4E-4DC7-ACA4-29BC0701CCAC}
		{FC76FB40-85B4-4878-9988-B36CE3502DA5} = {BCF07AD7-6F4E-4DC7-ACA4-29BC0701CCAC}
		{961937DA-804F-4FF0-89CF-DB6A23223C17} = {BCF07AD7-6F4E-4DC7-ACA4-29BC0701CCAC}
		{3856543F-DDD4-4D03-AAFD-3818BF1C7C52} = {6FA33AFE-6551-4230-A4F2-6E6CE6864C2D}
		{BA85B3C6-E98F-4316-B0E0-F3810A8C2E8D} = {6FA33AFE-6551-4230-A4F2-6E6CE6864C2D}
		{00DD5FA5-722E-497C-83DA-2CB0D98C4B57} = {8444D709-C0FF-4707-A83F-7908FABD9BA8}
		{73015E64-6820-4F51-A0DE-B24F6E24FA8A} = {8444D709-C0FF-4707-A83F-7908FABD9BA8}
		{57180204-4BB2-4C4E-ADC2-55586401D5F3} = {8444D709-C0FF-4707-A83F-7908FABD9BA8}
	EndGlobalSection
	GlobalSection(ExtensibilityGlobals) = postSolution
		SolutionGuid = {5607264D-7851-4749-A9E9-2D5B22F210CA}
	EndGlobalSection
EndGlobal
