
Microsoft Visual Studio Solution File, Format Version 12.00
# Visual Studio Version 17
VisualStudioVersion = 17.14.36025.13
MinimumVisualStudioVersion = 10.0.40219.1
Project("{FAE04EC0-301F-11D3-BF4B-00C04F79EFBC}") = "Tnosc.Otriples.Api", "src\Tnosc.Otriples.Api\Tnosc.Otriples.Api.csproj", "{5273D296-F9A5-D67E-C2EC-CB2D84D351F4}"
EndProject
Project("{2150E333-8FDC-42A3-9474-1A3956D46DE8}") = "src", "src", "{02EA681E-C7D8-13C7-8484-4AC65E1B71E8}"
EndProject
Project("{2150E333-8FDC-42A3-9474-1A3956D46DE8}") = "tests", "tests", "{BCF07AD7-6F4E-4DC7-ACA4-29BC0701CCAC}"
EndProject
Project("{2150E333-8FDC-42A3-9474-1A3956D46DE8}") = "lib", "lib", "{8444D709-C0FF-4707-A83F-7908FABD9BA8}"
EndProject
Global
	GlobalSection(SolutionConfigurationPlatforms) = preSolution
		Debug|Any CPU = Debug|Any CPU
		Release|Any CPU = Release|Any CPU
	EndGlobalSection
	GlobalSection(ProjectConfigurationPlatforms) = postSolution
		{5273D296-F9A5-D67E-C2EC-CB2D84D351F4}.Debug|Any CPU.ActiveCfg = Debug|Any CPU
		{5273D296-F9A5-D67E-C2EC-CB2D84D351F4}.Debug|Any CPU.Build.0 = Debug|Any CPU
		{5273D296-F9A5-D67E-C2EC-CB2D84D351F4}.Release|Any CPU.ActiveCfg = Release|Any CPU
		{5273D296-F9A5-D67E-C2EC-CB2D84D351F4}.Release|Any CPU.Build.0 = Release|Any CPU
	EndGlobalSection
	GlobalSection(SolutionProperties) = preSolution
		HideSolutionNode = FALSE
	EndGlobalSection
	GlobalSection(NestedProjects) = preSolution
		{5273D296-F9A5-D67E-C2EC-CB2D84D351F4} = {02EA681E-C7D8-13C7-8484-4AC65E1B71E8}
	EndGlobalSection
	GlobalSection(ExtensibilityGlobals) = postSolution
		SolutionGuid = {5607264D-7851-4749-A9E9-2D5B22F210CA}
	EndGlobalSection
EndGlobal
